
Microsoft Visual Studio Solution File, Format Version 12.00
# Visual Studio Version 17
VisualStudioVersion = 17.9.34622.214
MinimumVisualStudioVersion = 10.0.40219.1
Project("{9A19103F-16F7-4668-BE54-9A1E7A4F7556}") = "basicForum.Server", "basicForum.Server\basicForum.Server.csproj", "{64C9BB30-93A0-4102-850C-9D534B4F82E7}"
EndProject
Project("{54A90642-561A-4BB1-A94E-469ADEE60C69}") = "basicForum.client", "basicForum.client\basicForum.client.esproj", "{55759FEC-D215-4F8F-A2EE-644C2079A84E}"
EndProject
Global
	GlobalSection(SolutionConfigurationPlatforms) = preSolution
		Debug|Any CPU = Debug|Any CPU
		Release|Any CPU = Release|Any CPU
	EndGlobalSection
	GlobalSection(ProjectConfigurationPlatforms) = postSolution
		{64C9BB30-93A0-4102-850C-9D534B4F82E7}.Debug|Any CPU.ActiveCfg = Debug|Any CPU
		{64C9BB30-93A0-4102-850C-9D534B4F82E7}.Debug|Any CPU.Build.0 = Debug|Any CPU
		{64C9BB30-93A0-4102-850C-9D534B4F82E7}.Release|Any CPU.ActiveCfg = Release|Any CPU
		{64C9BB30-93A0-4102-850C-9D534B4F82E7}.Release|Any CPU.Build.0 = Release|Any CPU
		{55759FEC-D215-4F8F-A2EE-644C2079A84E}.Debug|Any CPU.ActiveCfg = Debug|Any CPU
		{55759FEC-D215-4F8F-A2EE-644C2079A84E}.Debug|Any CPU.Build.0 = Debug|Any CPU
		{55759FEC-D215-4F8F-A2EE-644C2079A84E}.Debug|Any CPU.Deploy.0 = Debug|Any CPU
		{55759FEC-D215-4F8F-A2EE-644C2079A84E}.Release|Any CPU.ActiveCfg = Release|Any CPU
		{55759FEC-D215-4F8F-A2EE-644C2079A84E}.Release|Any CPU.Build.0 = Release|Any CPU
		{55759FEC-D215-4F8F-A2EE-644C2079A84E}.Release|Any CPU.Deploy.0 = Release|Any CPU
	EndGlobalSection
	GlobalSection(SolutionProperties) = preSolution
		HideSolutionNode = FALSE
	EndGlobalSection
	GlobalSection(ExtensibilityGlobals) = postSolution
		SolutionGuid = {59E34725-8413-45CF-9835-BC041C01609D}
	EndGlobalSection
EndGlobal
